# This file was autogenerated by Stack.
# You should not edit this file by hand.
# For more information, please see the documentation at:
#   https://docs.haskellstack.org/en/stable/lock_files

packages:
- completed:
    hackage: transformers-either-0.1.1@sha256:ec3d6fefd90e243b51aecebfc0ebc5db6381c261d473ea2df7ed7b501a8fb961,1501
    pantry-tree:
      size: 317
      sha256: a69c9cbc1d8340c63cc8a9bbd718e13a41869d30a7c84d27be94bbc04ad73a69
  original:
    hackage: transformers-either-0.1.1@sha256:ec3d6fefd90e243b51aecebfc0ebc5db6381c261d473ea2df7ed7b501a8fb961
snapshots:
- completed:
    size: 492864
    url: https://raw.githubusercontent.com/commercialhaskell/stackage-snapshots/master/lts/13/2.yaml
    sha256: 586534518d3e7be8617d97ea296f05f497c0b4bb006f100367d66f5c45ae6268
  original: lts-13.2
